
Microsoft Visual Studio Solution File, Format Version 12.00
# Visual Studio Version 16
VisualStudioVersion = 16.0.31005.135
MinimumVisualStudioVersion = 10.0.40219.1
Project("{F184B08F-C81C-45F6-A57F-5ABD9991F28F}") = "Primeiro-Projeto", "Primeiro-Projeto\Primeiro-Projeto.vbproj", "{8304467F-D50C-432E-8644-9A93D46C1F10}"
EndProject
Global
	GlobalSection(SolutionConfigurationPlatforms) = preSolution
		Debug|Any CPU = Debug|Any CPU
		Release|Any CPU = Release|Any CPU
	EndGlobalSection
	GlobalSection(ProjectConfigurationPlatforms) = postSolution
		{8304467F-D50C-432E-8644-9A93D46C1F10}.Debug|Any CPU.ActiveCfg = Debug|Any CPU
		{8304467F-D50C-432E-8644-9A93D46C1F10}.Debug|Any CPU.Build.0 = Debug|Any CPU
		{8304467F-D50C-432E-8644-9A93D46C1F10}.Release|Any CPU.ActiveCfg = Release|Any CPU
		{8304467F-D50C-432E-8644-9A93D46C1F10}.Release|Any CPU.Build.0 = Release|Any CPU
	EndGlobalSection
	GlobalSection(SolutionProperties) = preSolution
		HideSolutionNode = FALSE
	EndGlobalSection
	GlobalSection(ExtensibilityGlobals) = postSolution
		SolutionGuid = {731B3B0A-B4FA-47DD-BFD7-36CA6BE75ABD}
	EndGlobalSection
EndGlobal
